
Microsoft Visual Studio Solution File, Format Version 12.00
# Visual Studio Version 17
VisualStudioVersion = 17.5.33530.505
MinimumVisualStudioVersion = 10.0.40219.1
Project("{FAE04EC0-301F-11D3-BF4B-00C04F79EFBC}") = "MVCIFPR", "MVCIFPR\MVCIFPR.csproj", "{ECCE0AEF-B638-416D-8872-D9D07929FF01}"
EndProject
Global
	GlobalSection(SolutionConfigurationPlatforms) = preSolution
		Debug|Any CPU = Debug|Any CPU
		Release|Any CPU = Release|Any CPU
	EndGlobalSection
	GlobalSection(ProjectConfigurationPlatforms) = postSolution
		{ECCE0AEF-B638-416D-8872-D9D07929FF01}.Debug|Any CPU.ActiveCfg = Debug|Any CPU
		{ECCE0AEF-B638-416D-8872-D9D07929FF01}.Debug|Any CPU.Build.0 = Debug|Any CPU
		{ECCE0AEF-B638-416D-8872-D9D07929FF01}.Release|Any CPU.ActiveCfg = Release|Any CPU
		{ECCE0AEF-B638-416D-8872-D9D07929FF01}.Release|Any CPU.Build.0 = Release|Any CPU
	EndGlobalSection
	GlobalSection(SolutionProperties) = preSolution
		HideSolutionNode = FALSE
	EndGlobalSection
	GlobalSection(ExtensibilityGlobals) = postSolution
		SolutionGuid = {F430E120-CEF2-46A8-8426-D4FF542DEE43}
	EndGlobalSection
EndGlobal
